// !$*UTF8*$!
{
	archiveVersion = 1;
	classes = {
	};
	objectVersion = 50;
	objects = {

/* Begin PBXBuildFile section */
		7552B92A242A913500B8C44B /* CommentCell.swift in Sources */ = {isa = PBXBuildFile; fileRef = 7552B929242A913500B8C44B /* CommentCell.swift */; };
		7552B92C242A925200B8C44B /* Comment.swift in Sources */ = {isa = PBXBuildFile; fileRef = 7552B92B242A925200B8C44B /* Comment.swift */; };
		75FB13C4242A898C0067213B /* AppDelegate.swift in Sources */ = {isa = PBXBuildFile; fileRef = 75FB13C3242A898C0067213B /* AppDelegate.swift */; };
		75FB13C6242A898C0067213B /* SceneDelegate.swift in Sources */ = {isa = PBXBuildFile; fileRef = 75FB13C5242A898C0067213B /* SceneDelegate.swift */; };
		75FB13C8242A898C0067213B /* CommentsViewController.swift in Sources */ = {isa = PBXBuildFile; fileRef = 75FB13C7242A898C0067213B /* CommentsViewController.swift */; };
		75FB13CB242A898C0067213B /* Comments.storyboard in Resources */ = {isa = PBXBuildFile; fileRef = 75FB13C9242A898C0067213B /* Comments.storyboard */; };
		75FB13CD242A89920067213B /* Assets.xcassets in Resources */ = {isa = PBXBuildFile; fileRef = 75FB13CC242A89920067213B /* Assets.xcassets */; };
		75FB13D0242A89920067213B /* LaunchScreen.storyboard in Resources */ = {isa = PBXBuildFile; fileRef = 75FB13CE242A89920067213B /* LaunchScreen.storyboard */; };
		75FB13E1242A8ADB0067213B /* Default-568h@2x.png in Resources */ = {isa = PBXBuildFile; fileRef = 75FB13E0242A8ADB0067213B /* Default-568h@2x.png */; };
/* End PBXBuildFile section */

/* Begin PBXFileReference section */
		7552B929242A913500B8C44B /* CommentCell.swift */ = {isa = PBXFileReference; lastKnownFileType = sourcecode.swift; path = CommentCell.swift; sourceTree = "<group>"; };
		7552B92B242A925200B8C44B /* Comment.swift */ = {isa = PBXFileReference; lastKnownFileType = sourcecode.swift; path = Comment.swift; sourceTree = "<group>"; };
		75FB13C0242A898C0067213B /* MVC-N.app */ = {isa = PBXFileReference; explicitFileType = wrapper.application; includeInIndex = 0; path = "MVC-N.app"; sourceTree = BUILT_PRODUCTS_DIR; };
		75FB13C3242A898C0067213B /* AppDelegate.swift */ = {isa = PBXFileReference; lastKnownFileType = sourcecode.swift; path = AppDelegate.swift; sourceTree = "<group>"; };
		75FB13C5242A898C0067213B /* SceneDelegate.swift */ = {isa = PBXFileReference; lastKnownFileType = sourcecode.swift; path = SceneDelegate.swift; sourceTree = "<group>"; };
		75FB13C7242A898C0067213B /* CommentsViewController.swift */ = {isa = PBXFileReference; lastKnownFileType = sourcecode.swift; path = CommentsViewController.swift; sourceTree = "<group>"; };
		75FB13CA242A898C0067213B /* Base */ = {isa = PBXFileReference; lastKnownFileType = file.storyboard; name = Base; path = Base.lproj/Comments.storyboard; sourceTree = "<group>"; };
		75FB13CC242A89920067213B /* Assets.xcassets */ = {isa = PBXFileReference; lastKnownFileType = folder.assetcatalog; path = Assets.xcassets; sourceTree = "<group>"; };
		75FB13CF242A89920067213B /* Base */ = {isa = PBXFileReference; lastKnownFileType = file.storyboard; name = Base; path = Base.lproj/LaunchScreen.storyboard; sourceTree = "<group>"; };
		75FB13D1242A89920067213B /* Info.plist */ = {isa = PBXFileReference; lastKnownFileType = text.plist.xml; path = Info.plist; sourceTree = "<group>"; };
		75FB13E0242A8ADB0067213B /* Default-568h@2x.png */ = {isa = PBXFileReference; lastKnownFileType = image.png; path = "Default-568h@2x.png"; sourceTree = "<group>"; };
/* End PBXFileReference section */

/* Begin PBXFrameworksBuildPhase section */
		75FB13BD242A898C0067213B /* Frameworks */ = {
			isa = PBXFrameworksBuildPhase;
			buildActionMask = 2147483647;
			files = (
			);
			runOnlyForDeploymentPostprocessing = 0;
		};
/* End PBXFrameworksBuildPhase section */

/* Begin PBXGroup section */
		75FB13B7242A898C0067213B = {
			isa = PBXGroup;
			children = (
				75FB13C2242A898C0067213B /* MVC-N */,
				75FB13C1242A898C0067213B /* Products */,
			);
			sourceTree = "<group>";
		};
		75FB13C1242A898C0067213B /* Products */ = {
			isa = PBXGroup;
			children = (
				75FB13C0242A898C0067213B /* MVC-N.app */,
			);
			name = Products;
			sourceTree = "<group>";
		};
		75FB13C2242A898C0067213B /* MVC-N */ = {
			isa = PBXGroup;
			children = (
				75FB13DA242A8A2C0067213B /* Application */,
				75FB13DB242A8A650067213B /* Comments */,
				75FB13DF242A8AC00067213B /* Supporting files */,
			);
			path = "MVC-N";
			sourceTree = "<group>";
		};
		75FB13D7242A8A040067213B /* Model */ = {
			isa = PBXGroup;
			children = (
			);
			path = Model;
			sourceTree = "<group>";
		};
		75FB13D8242A8A0D0067213B /* View */ = {
			isa = PBXGroup;
			children = (
				75FB13CE242A89920067213B /* LaunchScreen.storyboard */,
			);
			path = View;
			sourceTree = "<group>";
		};
		75FB13D9242A8A130067213B /* Controller */ = {
			isa = PBXGroup;
			children = (
				75FB13C3242A898C0067213B /* AppDelegate.swift */,
				75FB13C5242A898C0067213B /* SceneDelegate.swift */,
			);
			path = Controller;
			sourceTree = "<group>";
		};
		75FB13DA242A8A2C0067213B /* Application */ = {
			isa = PBXGroup;
			children = (
				75FB13D7242A8A040067213B /* Model */,
				75FB13D8242A8A0D0067213B /* View */,
				75FB13D9242A8A130067213B /* Controller */,
			);
			path = Application;
			sourceTree = "<group>";
		};
		75FB13DB242A8A650067213B /* Comments */ = {
			isa = PBXGroup;
			children = (
				75FB13DE242A8A840067213B /* Model */,
				75FB13DD242A8A7F0067213B /* View */,
				75FB13DC242A8A780067213B /* Controller */,
			);
			path = Comments;
			sourceTree = "<group>";
		};
		75FB13DC242A8A780067213B /* Controller */ = {
			isa = PBXGroup;
			children = (
				75FB13C7242A898C0067213B /* CommentsViewController.swift */,
			);
			path = Controller;
			sourceTree = "<group>";
		};
		75FB13DD242A8A7F0067213B /* View */ = {
			isa = PBXGroup;
			children = (
				75FB13C9242A898C0067213B /* Comments.storyboard */,
				7552B929242A913500B8C44B /* CommentCell.swift */,
			);
			path = View;
			sourceTree = "<group>";
		};
		75FB13DE242A8A840067213B /* Model */ = {
			isa = PBXGroup;
			children = (
				7552B92B242A925200B8C44B /* Comment.swift */,
			);
			path = Model;
			sourceTree = "<group>";
		};
		75FB13DF242A8AC00067213B /* Supporting files */ = {
			isa = PBXGroup;
			children = (
				75FB13E0242A8ADB0067213B /* Default-568h@2x.png */,
				75FB13CC242A89920067213B /* Assets.xcassets */,
				75FB13D1242A89920067213B /* Info.plist */,
			);
			path = "Supporting files";
			sourceTree = "<group>";
		};
/* End PBXGroup section */

/* Begin PBXNativeTarget section */
		75FB13BF242A898C0067213B /* MVC-N */ = {
			isa = PBXNativeTarget;
			buildConfigurationList = 75FB13D4242A89920067213B /* Build configuration list for PBXNativeTarget "MVC-N" */;
			buildPhases = (
				75FB13BC242A898C0067213B /* Sources */,
				75FB13BD242A898C0067213B /* Frameworks */,
				75FB13BE242A898C0067213B /* Resources */,
			);
			buildRules = (
			);
			dependencies = (
			);
			name = "MVC-N";
			productName = "MVC-N";
			productReference = 75FB13C0242A898C0067213B /* MVC-N.app */;
			productType = "com.apple.product-type.application";
		};
/* End PBXNativeTarget section */

/* Begin PBXProject section */
		75FB13B8242A898C0067213B /* Project object */ = {
			isa = PBXProject;
			attributes = {
				LastSwiftUpdateCheck = 1130;
				LastUpgradeCheck = 1130;
				ORGANIZATIONNAME = "Artur Anissimov";
				TargetAttributes = {
					75FB13BF242A898C0067213B = {
						CreatedOnToolsVersion = 11.3.1;
					};
				};
			};
			buildConfigurationList = 75FB13BB242A898C0067213B /* Build configuration list for PBXProject "MVC-N" */;
			compatibilityVersion = "Xcode 9.3";
			developmentRegion = en;
			hasScannedForEncodings = 0;
			knownRegions = (
				en,
				Base,
			);
			mainGroup = 75FB13B7242A898C0067213B;
			productRefGroup = 75FB13C1242A898C0067213B /* Products */;
			projectDirPath = "";
			projectRoot = "";
			targets = (
				75FB13BF242A898C0067213B /* MVC-N */,
			);
		};
/* End PBXProject section */

/* Begin PBXResourcesBuildPhase section */
		75FB13BE242A898C0067213B /* Resources */ = {
			isa = PBXResourcesBuildPhase;
			buildActionMask = 2147483647;
			files = (
				75FB13D0242A89920067213B /* LaunchScreen.storyboard in Resources */,
				75FB13E1242A8ADB0067213B /* Default-568h@2x.png in Resources */,
				75FB13CD242A89920067213B /* Assets.xcassets in Resources */,
				75FB13CB242A898C0067213B /* Comments.storyboard in Resources */,
			);
			runOnlyForDeploymentPostprocessing = 0;
		};
/* End PBXResourcesBuildPhase section */

/* Begin PBXSourcesBuildPhase section */
		75FB13BC242A898C0067213B /* Sources */ = {
			isa = PBXSourcesBuildPhase;
			buildActionMask = 2147483647;
			files = (
				7552B92C242A925200B8C44B /* Comment.swift in Sources */,
				75FB13C8242A898C0067213B /* CommentsViewController.swift in Sources */,
				75FB13C4242A898C0067213B /* AppDelegate.swift in Sources */,
				75FB13C6242A898C0067213B /* SceneDelegate.swift in Sources */,
				7552B92A242A913500B8C44B /* CommentCell.swift in Sources */,
			);
			runOnlyForDeploymentPostprocessing = 0;
		};
/* End PBXSourcesBuildPhase section */

/* Begin PBXVariantGroup section */
		75FB13C9242A898C0067213B /* Comments.storyboard */ = {
			isa = PBXVariantGroup;
			children = (
				75FB13CA242A898C0067213B /* Base */,
			);
			name = Comments.storyboard;
			sourceTree = "<group>";
		};
		75FB13CE242A89920067213B /* LaunchScreen.storyboard */ = {
			isa = PBXVariantGroup;
			children = (
				75FB13CF242A89920067213B /* Base */,
			);
			name = LaunchScreen.storyboard;
			sourceTree = "<group>";
		};
/* End PBXVariantGroup section */

/* Begin XCBuildConfiguration section */
		75FB13D2242A89920067213B /* Debug */ = {
			isa = XCBuildConfiguration;
			buildSettings = {
				ALWAYS_SEARCH_USER_PATHS = NO;
				CLANG_ANALYZER_NONNULL = YES;
				CLANG_ANALYZER_NUMBER_OBJECT_CONVERSION = YES_AGGRESSIVE;
				CLANG_CXX_LANGUAGE_STANDARD = "gnu++14";
				CLANG_CXX_LIBRARY = "libc++";
				CLANG_ENABLE_MODULES = YES;
				CLANG_ENABLE_OBJC_ARC = YES;
				CLANG_ENABLE_OBJC_WEAK = YES;
				CLANG_WARN_BLOCK_CAPTURE_AUTORELEASING = YES;
				CLANG_WARN_BOOL_CONVERSION = YES;
				CLANG_WARN_COMMA = YES;
				CLANG_WARN_CONSTANT_CONVERSION = YES;
				CLANG_WARN_DEPRECATED_OBJC_IMPLEMENTATIONS = YES;
				CLANG_WARN_DIRECT_OBJC_ISA_USAGE = YES_ERROR;
				CLANG_WARN_DOCUMENTATION_COMMENTS = YES;
				CLANG_WARN_EMPTY_BODY = YES;
				CLANG_WARN_ENUM_CONVERSION = YES;
				CLANG_WARN_INFINITE_RECURSION = YES;
				CLANG_WARN_INT_CONVERSION = YES;
				CLANG_WARN_NON_LITERAL_NULL_CONVERSION = YES;
				CLANG_WARN_OBJC_IMPLICIT_RETAIN_SELF = YES;
				CLANG_WARN_OBJC_LITERAL_CONVERSION = YES;
				CLANG_WARN_OBJC_ROOT_CLASS = YES_ERROR;
				CLANG_WARN_RANGE_LOOP_ANALYSIS = YES;
				CLANG_WARN_STRICT_PROTOTYPES = YES;
				CLANG_WARN_SUSPICIOUS_MOVE = YES;
				CLANG_WARN_UNGUARDED_AVAILABILITY = YES_AGGRESSIVE;
				CLANG_WARN_UNREACHABLE_CODE = YES;
				CLANG_WARN__DUPLICATE_METHOD_MATCH = YES;
				COPY_PHASE_STRIP = NO;
				DEBUG_INFORMATION_FORMAT = dwarf;
				ENABLE_STRICT_OBJC_MSGSEND = YES;
				ENABLE_TESTABILITY = YES;
				GCC_C_LANGUAGE_STANDARD = gnu11;
				GCC_DYNAMIC_NO_PIC = NO;
				GCC_NO_COMMON_BLOCKS = YES;
				GCC_OPTIMIZATION_LEVEL = 0;
				GCC_PREPROCESSOR_DEFINITIONS = (
					"DEBUG=1",
					"$(inherited)",
				);
				GCC_WARN_64_TO_32_BIT_CONVERSION = YES;
				GCC_WARN_ABOUT_RETURN_TYPE = YES_ERROR;
				GCC_WARN_UNDECLARED_SELECTOR = YES;
				GCC_WARN_UNINITIALIZED_AUTOS = YES_AGGRESSIVE;
				GCC_WARN_UNUSED_FUNCTION = YES;
				GCC_WARN_UNUSED_VARIABLE = YES;
				IPHONEOS_DEPLOYMENT_TARGET = 13.2;
				MTL_ENABLE_DEBUG_INFO = INCLUDE_SOURCE;
				MTL_FAST_MATH = YES;
				ONLY_ACTIVE_ARCH = YES;
				SDKROOT = iphoneos;
				SWIFT_ACTIVE_COMPILATION_CONDITIONS = DEBUG;
				SWIFT_OPTIMIZATION_LEVEL = "-Onone";
			};
			name = Debug;
		};
		75FB13D3242A89920067213B /* Release */ = {
			isa = XCBuildConfiguration;
			buildSettings = {
				ALWAYS_SEARCH_USER_PATHS = NO;
				CLANG_ANALYZER_NONNULL = YES;
				CLANG_ANALYZER_NUMBER_OBJECT_CONVERSION = YES_AGGRESSIVE;
				CLANG_CXX_LANGUAGE_STANDARD = "gnu++14";
				CLANG_CXX_LIBRARY = "libc++";
				CLANG_ENABLE_MODULES = YES;
				CLANG_ENABLE_OBJC_ARC = YES;
				CLANG_ENABLE_OBJC_WEAK = YES;
				CLANG_WARN_BLOCK_CAPTURE_AUTORELEASING = YES;
				CLANG_WARN_BOOL_CONVERSION = YES;
				CLANG_WARN_COMMA = YES;
				CLANG_WARN_CONSTANT_CONVERSION = YES;
				CLANG_WARN_DEPRECATED_OBJC_IMPLEMENTATIONS = YES;
				CLANG_WARN_DIRECT_OBJC_ISA_USAGE = YES_ERROR;
				CLANG_WARN_DOCUMENTATION_COMMENTS = YES;
				CLANG_WARN_EMPTY_BODY = YES;
				CLANG_WARN_ENUM_CONVERSION = YES;
				CLANG_WARN_INFINITE_RECURSION = YES;
				CLANG_WARN_INT_CONVERSION = YES;
				CLANG_WARN_NON_LITERAL_NULL_CONVERSION = YES;
				CLANG_WARN_OBJC_IMPLICIT_RETAIN_SELF = YES;
				CLANG_WARN_OBJC_LITERAL_CONVERSION = YES;
				CLANG_WARN_OBJC_ROOT_CLASS = YES_ERROR;
				CLANG_WARN_RANGE_LOOP_ANALYSIS = YES;
				CLANG_WARN_STRICT_PROTOTYPES = YES;
				CLANG_WARN_SUSPICIOUS_MOVE = YES;
				CLANG_WARN_UNGUARDED_AVAILABILITY = YES_AGGRESSIVE;
				CLANG_WARN_UNREACHABLE_CODE = YES;
				CLANG_WARN__DUPLICATE_METHOD_MATCH = YES;
				COPY_PHASE_STRIP = NO;
				DEBUG_INFORMATION_FORMAT = "dwarf-with-dsym";
				ENABLE_NS_ASSERTIONS = NO;
				ENABLE_STRICT_OBJC_MSGSEND = YES;
				GCC_C_LANGUAGE_STANDARD = gnu11;
				GCC_NO_COMMON_BLOCKS = YES;
				GCC_WARN_64_TO_32_BIT_CONVERSION = YES;
				GCC_WARN_ABOUT_RETURN_TYPE = YES_ERROR;
				GCC_WARN_UNDECLARED_SELECTOR = YES;
				GCC_WARN_UNINITIALIZED_AUTOS = YES_AGGRESSIVE;
				GCC_WARN_UNUSED_FUNCTION = YES;
				GCC_WARN_UNUSED_VARIABLE = YES;
				IPHONEOS_DEPLOYMENT_TARGET = 13.2;
				MTL_ENABLE_DEBUG_INFO = NO;
				MTL_FAST_MATH = YES;
				SDKROOT = iphoneos;
				SWIFT_COMPILATION_MODE = wholemodule;
				SWIFT_OPTIMIZATION_LEVEL = "-O";
				VALIDATE_PRODUCT = YES;
			};
			name = Release;
		};
		75FB13D5242A89920067213B /* Debug */ = {
			isa = XCBuildConfiguration;
			buildSettings = {
				ASSETCATALOG_COMPILER_APPICON_NAME = AppIcon;
				CODE_SIGN_STYLE = Automatic;
				DEVELOPMENT_TEAM = Y28ANL9BKG;
				INFOPLIST_FILE = "MVC-N/Supporting files/Info.plist";
				LD_RUNPATH_SEARCH_PATHS = (
					"$(inherited)",
					"@executable_path/Frameworks",
				);
				PRODUCT_BUNDLE_IDENTIFIER = "com.arturanissimov.MVC-N";
				PRODUCT_NAME = "$(TARGET_NAME)";
				SWIFT_VERSION = 5.0;
				TARGETED_DEVICE_FAMILY = "1,2";
			};
			name = Debug;
		};
		75FB13D6242A89920067213B /* Release */ = {
			isa = XCBuildConfiguration;
			buildSettings = {
				ASSETCATALOG_COMPILER_APPICON_NAME = AppIcon;
				CODE_SIGN_STYLE = Automatic;
				DEVELOPMENT_TEAM = Y28ANL9BKG;
				INFOPLIST_FILE = "MVC-N/Supporting files/Info.plist";
				LD_RUNPATH_SEARCH_PATHS = (
					"$(inherited)",
					"@executable_path/Frameworks",
				);
				PRODUCT_BUNDLE_IDENTIFIER = "com.arturanissimov.MVC-N";
				PRODUCT_NAME = "$(TARGET_NAME)";
				SWIFT_VERSION = 5.0;
				TARGETED_DEVICE_FAMILY = "1,2";
			};
			name = Release;
		};
/* End XCBuildConfiguration section */

/* Begin XCConfigurationList section */
		75FB13BB242A898C0067213B /* Build configuration list for PBXProject "MVC-N" */ = {
			isa = XCConfigurationList;
			buildConfigurations = (
				75FB13D2242A89920067213B /* Debug */,
				75FB13D3242A89920067213B /* Release */,
			);
			defaultConfigurationIsVisible = 0;
			defaultConfigurationName = Release;
		};
		75FB13D4242A89920067213B /* Build configuration list for PBXNativeTarget "MVC-N" */ = {
			isa = XCConfigurationList;
			buildConfigurations = (
				75FB13D5242A89920067213B /* Debug */,
				75FB13D6242A89920067213B /* Release */,
			);
			defaultConfigurationIsVisible = 0;
			defaultConfigurationName = Release;
		};
/* End XCConfigurationList section */
	};
	rootObject = 75FB13B8242A898C0067213B /* Project object */;
}
